
Microsoft Visual Studio Solution File, Format Version 12.00
# Visual Studio Version 17
VisualStudioVersion = 17.4.33205.214
MinimumVisualStudioVersion = 10.0.40219.1
Project("{FAE04EC0-301F-11D3-BF4B-00C04F79EFBC}") = "Skedule v3", "Skedule v3.csproj", "{07440195-A519-4E2C-A0C7-CAE4267A7601}"
EndProject
Global
	GlobalSection(SolutionConfigurationPlatforms) = preSolution
		Debug|Any CPU = Debug|Any CPU
		Debug|x64 = Debug|x64
		Release|Any CPU = Release|Any CPU
		Release|x64 = Release|x64
	EndGlobalSection
	GlobalSection(ProjectConfigurationPlatforms) = postSolution
		{07440195-A519-4E2C-A0C7-CAE4267A7601}.Debug|Any CPU.ActiveCfg = Debug|Any CPU
		{07440195-A519-4E2C-A0C7-CAE4267A7601}.Debug|Any CPU.Build.0 = Debug|Any CPU
		{07440195-A519-4E2C-A0C7-CAE4267A7601}.Debug|x64.ActiveCfg = Debug|x64
		{07440195-A519-4E2C-A0C7-CAE4267A7601}.Debug|x64.Build.0 = Debug|x64
		{07440195-A519-4E2C-A0C7-CAE4267A7601}.Release|Any CPU.ActiveCfg = Release|Any CPU
		{07440195-A519-4E2C-A0C7-CAE4267A7601}.Release|Any CPU.Build.0 = Release|Any CPU
		{07440195-A519-4E2C-A0C7-CAE4267A7601}.Release|x64.ActiveCfg = Release|x64
		{07440195-A519-4E2C-A0C7-CAE4267A7601}.Release|x64.Build.0 = Release|x64
	EndGlobalSection
	GlobalSection(SolutionProperties) = preSolution
		HideSolutionNode = FALSE
	EndGlobalSection
	GlobalSection(ExtensibilityGlobals) = postSolution
		SolutionGuid = {F91EAB90-34FA-40A9-98B4-A2A5670E7A0C}
	EndGlobalSection
EndGlobal
